
Microsoft Visual Studio Solution File, Format Version 12.00
# Visual Studio Version 17
VisualStudioVersion = 17.14.36414.22 d17.14
MinimumVisualStudioVersion = 10.0.40219.1
Project("{FAE04EC0-301F-11D3-BF4B-00C04F79EFBC}") = "add", "add.csproj", "{0FAB6354-0A5D-4DA6-A699-C73B546EE396}"
EndProject
Global
	GlobalSection(SolutionConfigurationPlatforms) = preSolution
		Debug|Any CPU = Debug|Any CPU
		Release|Any CPU = Release|Any CPU
	EndGlobalSection
	GlobalSection(ProjectConfigurationPlatforms) = postSolution
		{0FAB6354-0A5D-4DA6-A699-C73B546EE396}.Debug|Any CPU.ActiveCfg = Debug|Any CPU
		{0FAB6354-0A5D-4DA6-A699-C73B546EE396}.Debug|Any CPU.Build.0 = Debug|Any CPU
		{0FAB6354-0A5D-4DA6-A699-C73B546EE396}.Release|Any CPU.ActiveCfg = Release|Any CPU
		{0FAB6354-0A5D-4DA6-A699-C73B546EE396}.Release|Any CPU.Build.0 = Release|Any CPU
	EndGlobalSection
	GlobalSection(SolutionProperties) = preSolution
		HideSolutionNode = FALSE
	EndGlobalSection
	GlobalSection(ExtensibilityGlobals) = postSolution
		SolutionGuid = {A720A6CC-6F94-4784-BF29-6960D4AB4D57}
	EndGlobalSection
EndGlobal
