
Microsoft Visual Studio Solution File, Format Version 12.00
# Visual Studio Version 17
VisualStudioVersion = 17.14.36414.22 d17.14
MinimumVisualStudioVersion = 10.0.40219.1
Project("{FAE04EC0-301F-11D3-BF4B-00C04F79EFBC}") = "form1", "form1.csproj", "{DA3D88F4-E4AF-4718-8F04-1EEB19455835}"
EndProject
Global
	GlobalSection(SolutionConfigurationPlatforms) = preSolution
		Debug|Any CPU = Debug|Any CPU
		Release|Any CPU = Release|Any CPU
	EndGlobalSection
	GlobalSection(ProjectConfigurationPlatforms) = postSolution
		{DA3D88F4-E4AF-4718-8F04-1EEB19455835}.Debug|Any CPU.ActiveCfg = Debug|Any CPU
		{DA3D88F4-E4AF-4718-8F04-1EEB19455835}.Debug|Any CPU.Build.0 = Debug|Any CPU
		{DA3D88F4-E4AF-4718-8F04-1EEB19455835}.Release|Any CPU.ActiveCfg = Release|Any CPU
		{DA3D88F4-E4AF-4718-8F04-1EEB19455835}.Release|Any CPU.Build.0 = Release|Any CPU
	EndGlobalSection
	GlobalSection(SolutionProperties) = preSolution
		HideSolutionNode = FALSE
	EndGlobalSection
	GlobalSection(ExtensibilityGlobals) = postSolution
		SolutionGuid = {4075EC70-7D02-4D86-A538-A285F742576A}
	EndGlobalSection
EndGlobal
